<?xml version="1.0" encoding="utf-8"?>
<Project ToolsVersion="4.0" xmlns="http://schemas.microsoft.com/developer/msbuild/2003">
  <ItemGroup>
    <Filter Include="源文件">
      <UniqueIdentifier>{4FC737F1-C7A5-4376-A066-2A32D752A2FF}</UniqueIdentifier>
      <Extensions>cpp;c;cc;cxx;def;odl;idl;hpj;bat;asm;asmx</Extensions>
    </Filter>
    <Filter Include="头文件">
      <UniqueIdentifier>{93995380-89BD-4b04-88EB-625FBE52EBFB}</UniqueIdentifier>
      <Extensions>h;hpp;hxx;hm;inl;inc;xsd</Extensions>
    </Filter>
    <Filter Include="资源文件">
      <UniqueIdentifier>{67DA6AB6-F800-4c08-8B7A-83BB121AAD01}</UniqueIdentifier>
      <Extensions>rc;ico;cur;bmp;dlg;rc2;rct;bin;rgs;gif;jpg;jpeg;jpe;resx;tiff;tif;png;wav</Extensions>
    </Filter>
    <Filter Include="lib">
      <UniqueIdentifier>{ce8d1c5a-acf5-4b9d-a152-a2962e4d9f95}</UniqueIdentifier>
    </Filter>
    <Filter Include="资源文件\bird">
      <UniqueIdentifier>{8918a095-01fe-458b-a8ad-480f5c378b61}</UniqueIdentifier>
    </Filter>
    <Filter Include="libs">
      <UniqueIdentifier>{2d9bc3fb-ccfd-43ad-864e-89bdf9e5b908}</UniqueIdentifier>
    </Filter>
    <Filter Include="WindowManager">
      <UniqueIdentifier>{9af9079a-b5e0-4a2b-9493-c011fff1230f}</UniqueIdentifier>
    </Filter>
  </ItemGroup>
  <ItemGroup>
    <ClCompile Include="SlxCom.cpp">
      <Filter>源文件</Filter>
    </ClCompile>
    <ClCompile Include="SlxComAbout.cpp">
      <Filter>源文件</Filter>
    </ClCompile>
    <ClCompile Include="SlxComConfig.cpp">
      <Filter>源文件</Filter>
    </ClCompile>
    <ClCompile Include="SlxComConfigLight.cpp">
      <Filter>源文件</Filter>
    </ClCompile>
    <ClCompile Include="SlxComContextMenu.cpp">
      <Filter>源文件</Filter>
    </ClCompile>
    <ClCompile Include="SlxComExpandDirFiles.cpp">
      <Filter>源文件</Filter>
    </ClCompile>
    <ClCompile Include="SlxComFactory.cpp">
      <Filter>源文件</Filter>
    </ClCompile>
    <ClCompile Include="SlxComIconHandler.cpp">
      <Filter>源文件</Filter>
    </ClCompile>
    <ClCompile Include="SlxComOverlay.cpp">
      <Filter>源文件</Filter>
    </ClCompile>
    <ClCompile Include="SlxComPeTools.cpp">
      <Filter>源文件</Filter>
    </ClCompile>
    <ClCompile Include="SlxComTools.cpp">
      <Filter>源文件</Filter>
    </ClCompile>
    <ClCompile Include="SlxComWork.cpp">
      <Filter>源文件</Filter>
    </ClCompile>
    <ClCompile Include="SlxComWork_lvm.cpp">
      <Filter>源文件</Filter>
    </ClCompile>
    <ClCompile Include="SlxComWork_ni.cpp">
      <Filter>源文件</Filter>
    </ClCompile>
    <ClCompile Include="SlxComWork_sd.cpp">
      <Filter>源文件</Filter>
    </ClCompile>
    <ClCompile Include="SlxElevateBridge.cpp">
      <Filter>源文件</Filter>
    </ClCompile>
    <ClCompile Include="SlxFileHandles.cpp">
      <Filter>源文件</Filter>
    </ClCompile>
    <ClCompile Include="SlxManualCheckSignature.cpp">
      <Filter>源文件</Filter>
    </ClCompile>
    <ClCompile Include="SlxPaintView.cpp">
      <Filter>源文件</Filter>
    </ClCompile>
    <ClCompile Include="SlxPeInformation.cpp">
      <Filter>源文件</Filter>
    </ClCompile>
    <ClCompile Include="SlxRunDlgPlus.cpp">
      <Filter>源文件</Filter>
    </ClCompile>
    <ClCompile Include="SlxStringStatusCache.cpp">
      <Filter>源文件</Filter>
    </ClCompile>
    <ClCompile Include="SlxTimePlate.cpp">
      <Filter>源文件</Filter>
    </ClCompile>
    <ClCompile Include="SlxUnlockFile.cpp">
      <Filter>源文件</Filter>
    </ClCompile>
    <ClCompile Include="SlxCrypto.c">
      <Filter>源文件</Filter>
    </ClCompile>
    <ClCompile Include="DesktopIconManager.cpp">
      <Filter>源文件</Filter>
    </ClCompile>
    <ClCompile Include="SlxAppPath.cpp">
      <Filter>源文件</Filter>
    </ClCompile>
    <ClCompile Include="SlxClipboard.cpp">
      <Filter>源文件</Filter>
    </ClCompile>
    <ClCompile Include="lib\charconv.cpp">
      <Filter>lib</Filter>
    </ClCompile>
    <ClCompile Include="lib\GeneralTreeItemW.cpp">
      <Filter>lib</Filter>
    </ClCompile>
    <ClCompile Include="lib\ReadonlyFileMapping.cpp">
      <Filter>lib</Filter>
    </ClCompile>
    <ClCompile Include="SlxQuickPopupMenu.cpp">
      <Filter>源文件</Filter>
    </ClCompile>
    <ClCompile Include="SlxComDisableCtrlCopyInSameDir.cpp">
      <Filter>源文件</Filter>
    </ClCompile>
    <ClCompile Include="WindowManager\WindowManagerProcess.cpp">
      <Filter>WindowManager</Filter>
    </ClCompile>
    <ClCompile Include="WindowManager\WindowManager.cpp">
      <Filter>WindowManager</Filter>
    </ClCompile>
    <ClCompile Include="WindowManager\NotifyClass.cpp">
      <Filter>WindowManager</Filter>
    </ClCompile>
    <ClCompile Include="WindowManager\WindowAppID.cpp">
      <Filter>WindowManager</Filter>
    </ClCompile>
  </ItemGroup>
  <ItemGroup>
    <None Include="SlxCom.def">
      <Filter>源文件</Filter>
    </None>
    <None Include="res\AboutSlxCom.htm">
      <Filter>资源文件</Filter>
    </None>
    <None Include="res\bird\bird.zip">
      <Filter>资源文件\bird</Filter>
    </None>
  </ItemGroup>
  <ItemGroup>
    <ClInclude Include="DesktopIconManager.h">
      <Filter>头文件</Filter>
    </ClInclude>
    <ClInclude Include="resource.h">
      <Filter>头文件</Filter>
    </ClInclude>
    <ClInclude Include="SlxAppPath.h">
      <Filter>头文件</Filter>
    </ClInclude>
    <ClInclude Include="SlxComAbout.h">
      <Filter>头文件</Filter>
    </ClInclude>
    <ClInclude Include="SlxComConfigLight.h">
      <Filter>头文件</Filter>
    </ClInclude>
    <ClInclude Include="SlxComContextMenu.h">
      <Filter>头文件</Filter>
    </ClInclude>
    <ClInclude Include="SlxComDirShortcut.h">
      <Filter>头文件</Filter>
    </ClInclude>
    <ClInclude Include="SlxComExpandDirFiles.h">
      <Filter>头文件</Filter>
    </ClInclude>
    <ClInclude Include="SlxComFactory.h">
      <Filter>头文件</Filter>
    </ClInclude>
    <ClInclude Include="SlxComIconHandler.h">
      <Filter>头文件</Filter>
    </ClInclude>
    <ClInclude Include="SlxComOverlay.h">
      <Filter>头文件</Filter>
    </ClInclude>
    <ClInclude Include="SlxComPeTools.h">
      <Filter>头文件</Filter>
    </ClInclude>
    <ClInclude Include="SlxComTools.h">
      <Filter>头文件</Filter>
    </ClInclude>
    <ClInclude Include="SlxComWork.h">
      <Filter>头文件</Filter>
    </ClInclude>
    <ClInclude Include="SlxComWork_lvm.h">
      <Filter>头文件</Filter>
    </ClInclude>
    <ClInclude Include="SlxComWork_ni.h">
      <Filter>头文件</Filter>
    </ClInclude>
    <ClInclude Include="SlxComWork_sd.h">
      <Filter>头文件</Filter>
    </ClInclude>
    <ClInclude Include="SlxCrypto.h">
      <Filter>头文件</Filter>
    </ClInclude>
    <ClInclude Include="SlxElevateBridge.h">
      <Filter>头文件</Filter>
    </ClInclude>
    <ClInclude Include="SlxFileHandles.h">
      <Filter>头文件</Filter>
    </ClInclude>
    <ClInclude Include="SlxManualCheckSignature.h">
      <Filter>头文件</Filter>
    </ClInclude>
    <ClInclude Include="SlxPeInformation.h">
      <Filter>头文件</Filter>
    </ClInclude>
    <ClInclude Include="SlxRunDlgPlus.h">
      <Filter>头文件</Filter>
    </ClInclude>
    <ClInclude Include="SlxStringStatusCache.h">
      <Filter>头文件</Filter>
    </ClInclude>
    <ClInclude Include="SlxTimePlate.h">
      <Filter>头文件</Filter>
    </ClInclude>
    <ClInclude Include="lib\charconv.h">
      <Filter>lib</Filter>
    </ClInclude>
    <ClInclude Include="lib\deelx.h">
      <Filter>lib</Filter>
    </ClInclude>
    <ClInclude Include="lib\DummyWinTrustDll.h">
      <Filter>lib</Filter>
    </ClInclude>
    <ClInclude Include="lib\GeneralTreeItemW.h">
      <Filter>lib</Filter>
    </ClInclude>
    <ClInclude Include="lib\ReadonlyFileMapping.h">
      <Filter>lib</Filter>
    </ClInclude>
    <ClInclude Include="lib\StringMatch.h">
      <Filter>lib</Filter>
    </ClInclude>
    <ClInclude Include="SlxQuickPopupMenu.h">
      <Filter>头文件</Filter>
    </ClInclude>
    <ClInclude Include="SlxComDisableCtrlCopyInSameDir.h">
      <Filter>头文件</Filter>
    </ClInclude>
    <ClInclude Include="WindowManager\WindowManager.h">
      <Filter>WindowManager</Filter>
    </ClInclude>
    <ClInclude Include="WindowManager\NotifyClass.h">
      <Filter>WindowManager</Filter>
    </ClInclude>
    <ClInclude Include="WindowManager\WindowAppID.h">
      <Filter>WindowManager</Filter>
    </ClInclude>
  </ItemGroup>
  <ItemGroup>
    <ResourceCompile Include="SlxCom.rc">
      <Filter>资源文件</Filter>
    </ResourceCompile>
  </ItemGroup>
  <ItemGroup>
    <Image Include="res\AboutLogo.bmp">
      <Filter>资源文件</Filter>
    </Image>
    <Image Include="res\AddToCopy.bmp">
      <Filter>资源文件</Filter>
    </Image>
    <Image Include="res\AddToCut.bmp">
      <Filter>资源文件</Filter>
    </Image>
    <Image Include="res\AppPath.bmp">
      <Filter>资源文件</Filter>
    </Image>
    <Image Include="res\CheckSignature.bmp">
      <Filter>资源文件</Filter>
    </Image>
    <Image Include="res\Combine.bmp">
      <Filter>资源文件</Filter>
    </Image>
    <Image Include="res\CopyFullPath.bmp">
      <Filter>资源文件</Filter>
    </Image>
    <Image Include="res\CopyPictureHtml.bmp">
      <Filter>资源文件</Filter>
    </Image>
    <Image Include="res\CreateLink.bmp">
      <Filter>资源文件</Filter>
    </Image>
    <Image Include="res\Default.jpg">
      <Filter>资源文件</Filter>
    </Image>
    <Image Include="res\Driver.bmp">
      <Filter>资源文件</Filter>
    </Image>
    <Image Include="res\Edf.bmp">
      <Filter>资源文件</Filter>
    </Image>
    <Image Include="res\Install.bmp">
      <Filter>资源文件</Filter>
    </Image>
    <Image Include="res\KillExplorer.bmp">
      <Filter>资源文件</Filter>
    </Image>
    <Image Include="res\Locate.bmp">
      <Filter>资源文件</Filter>
    </Image>
    <Image Include="res\Main.ico">
      <Filter>资源文件</Filter>
    </Image>
    <Image Include="res\Mark.ico">
      <Filter>资源文件</Filter>
    </Image>
    <Image Include="res\OpenWithNotepad.bmp">
      <Filter>资源文件</Filter>
    </Image>
    <Image Include="res\RunCmdHere.bmp">
      <Filter>资源文件</Filter>
    </Image>
    <Image Include="res\TryRun.bmp">
      <Filter>资源文件</Filter>
    </Image>
    <Image Include="res\TryRunWithArguments.bmp">
      <Filter>资源文件</Filter>
    </Image>
    <Image Include="res\Unescape.bmp">
      <Filter>资源文件</Filter>
    </Image>
    <Image Include="res\Uninstall.bmp">
      <Filter>资源文件</Filter>
    </Image>
    <Image Include="res\UnlockFile.bmp">
      <Filter>资源文件</Filter>
    </Image>
    <Image Include="res\bird\2.ico">
      <Filter>资源文件\bird</Filter>
    </Image>
    <Image Include="res\bird\3.ico">
      <Filter>资源文件\bird</Filter>
    </Image>
    <Image Include="res\bird\4.ico">
      <Filter>资源文件\bird</Filter>
    </Image>
    <Image Include="res\bird\5.ico">
      <Filter>资源文件\bird</Filter>
    </Image>
    <Image Include="res\bird\6.ico">
      <Filter>资源文件\bird</Filter>
    </Image>
    <Image Include="res\bird\7.ico">
      <Filter>资源文件\bird</Filter>
    </Image>
    <Image Include="res\bird\8.ico">
      <Filter>资源文件\bird</Filter>
    </Image>
    <Image Include="res\bird\9.ico">
      <Filter>资源文件\bird</Filter>
    </Image>
    <Image Include="res\bird\0.ico">
      <Filter>资源文件\bird</Filter>
    </Image>
    <Image Include="res\bird\1.ico">
      <Filter>资源文件\bird</Filter>
    </Image>
  </ItemGroup>
  <ItemGroup>
    <Font Include="res\DS-DIGIB.TTF">
      <Filter>资源文件</Filter>
    </Font>
  </ItemGroup>
  <ItemGroup>
    <Library Include="libs\Dummy_WinTrust_x64.lib">
      <Filter>libs</Filter>
    </Library>
    <Library Include="libs\Dummy_WinTrust_Win32.lib">
      <Filter>libs</Filter>
    </Library>
  </ItemGroup>
  <ItemGroup>
    <Manifest Include="res\SlxCom.manifest">
      <Filter>资源文件</Filter>
    </Manifest>
  </ItemGroup>
</Project>